
Microsoft Visual Studio Solution File, Format Version 12.00
# Visual Studio Version 17
VisualStudioVersion = 17.2.32630.192
MinimumVisualStudioVersion = 10.0.40219.1
Project("{FAE04EC0-301F-11D3-BF4B-00C04F79EFBC}") = "App02", "App02\App02.csproj", "{62276759-D03F-4B75-B860-AA84D08AE576}"
EndProject
Project("{2150E333-8FDC-42A3-9474-1A3956D46DE8}") = "Solution Items", "Solution Items", "{4B584F1B-A4BA-4496-AB0A-DB9C2D50D586}"
	ProjectSection(SolutionItems) = preProject
		.editorconfig = .editorconfig
	EndProjectSection
EndProject
Global
	GlobalSection(SolutionConfigurationPlatforms) = preSolution
		Debug|Any CPU = Debug|Any CPU
		Release|Any CPU = Release|Any CPU
	EndGlobalSection
	GlobalSection(ProjectConfigurationPlatforms) = postSolution
		{62276759-D03F-4B75-B860-AA84D08AE576}.Debug|Any CPU.ActiveCfg = Debug|Any CPU
		{62276759-D03F-4B75-B860-AA84D08AE576}.Debug|Any CPU.Build.0 = Debug|Any CPU
		{62276759-D03F-4B75-B860-AA84D08AE576}.Release|Any CPU.ActiveCfg = Release|Any CPU
		{62276759-D03F-4B75-B860-AA84D08AE576}.Release|Any CPU.Build.0 = Release|Any CPU
	EndGlobalSection
	GlobalSection(SolutionProperties) = preSolution
		HideSolutionNode = FALSE
	EndGlobalSection
	GlobalSection(ExtensibilityGlobals) = postSolution
		SolutionGuid = {9F781E21-966D-484C-82FD-2137B4717CE2}
	EndGlobalSection
EndGlobal
